
Microsoft Visual Studio Solution File, Format Version 12.00
# Visual Studio Version 16
VisualStudioVersion = 16.0.30225.117
MinimumVisualStudioVersion = 10.0.40219.1
Project("{9A19103F-16F7-4668-BE54-9A1E7A4F7556}") = "ConsoleApp10", "ConsoleApp10\ConsoleApp10.csproj", "{974AC5BF-2FF8-4542-BCF5-3CDCA55F0221}"
EndProject
Project("{9A19103F-16F7-4668-BE54-9A1E7A4F7556}") = "ConsoleApp08", "ConsoleApp08\ConsoleApp08.csproj", "{9D407A0C-0D3A-47FB-A71A-76265A547706}"
EndProject
Project("{9A19103F-16F7-4668-BE54-9A1E7A4F7556}") = "ConsoleApp09", "ConsoleApp09\ConsoleApp09.csproj", "{361B74F7-CED1-4DA6-8E65-21D2C33A7D78}"
EndProject
Project("{9A19103F-16F7-4668-BE54-9A1E7A4F7556}") = "ConsoleApp18", "ConsoleApp18\ConsoleApp18.csproj", "{B34BAE69-25FD-465F-8F8F-93EBD0041C88}"
EndProject
Project("{9A19103F-16F7-4668-BE54-9A1E7A4F7556}") = "Rx.Extensions", "Rx.Extensions\Rx.Extensions.csproj", "{798198C9-DB4F-4CDC-9044-FE1F6C6C947A}"
EndProject
Project("{9A19103F-16F7-4668-BE54-9A1E7A4F7556}") = "ConsoleApp19", "ConsoleApp19\ConsoleApp19.csproj", "{A723F9DB-5A1F-41DD-A8AE-6E348D6CDDBF}"
EndProject
Project("{9A19103F-16F7-4668-BE54-9A1E7A4F7556}") = "ConsoleApp20", "ConsoleApp20\ConsoleApp20.csproj", "{A172674F-A5C9-4628-B5DF-5B82BD35A78A}"
EndProject
Project("{9A19103F-16F7-4668-BE54-9A1E7A4F7556}") = "ConsoleAppStockerTests", "ConsoleAppStockerTests\ConsoleAppStockerTests.csproj", "{BF7047CD-361B-4148-9A69-A41A8288083A}"
EndProject
Project("{9A19103F-16F7-4668-BE54-9A1E7A4F7556}") = "ConsoleAppStockerUsingAsync", "ConsoleAppStockerUsingAsync\ConsoleAppStockerUsingAsync.csproj", "{3E5C0A5B-AFBC-4F1D-9FE1-31BA308B7358}"
EndProject
Project("{9A19103F-16F7-4668-BE54-9A1E7A4F7556}") = "ConsoleAppIntervalAsync", "ConsoleAppIntervalAsync\ConsoleAppIntervalAsync.csproj", "{49E93B51-D8B4-430B-AB89-320068D9489D}"
EndProject
Project("{9A19103F-16F7-4668-BE54-9A1E7A4F7556}") = "ConsoleApp_MemoryLeak", "ConsoleApp_MemoryLeak\ConsoleApp_MemoryLeak.csproj", "{360608F2-08BE-48EB-8DD6-5B052702F1A0}"
EndProject
Global
	GlobalSection(SolutionConfigurationPlatforms) = preSolution
		Debug|Any CPU = Debug|Any CPU
		Release|Any CPU = Release|Any CPU
	EndGlobalSection
	GlobalSection(ProjectConfigurationPlatforms) = postSolution
		{974AC5BF-2FF8-4542-BCF5-3CDCA55F0221}.Debug|Any CPU.ActiveCfg = Debug|Any CPU
		{974AC5BF-2FF8-4542-BCF5-3CDCA55F0221}.Debug|Any CPU.Build.0 = Debug|Any CPU
		{974AC5BF-2FF8-4542-BCF5-3CDCA55F0221}.Release|Any CPU.ActiveCfg = Release|Any CPU
		{974AC5BF-2FF8-4542-BCF5-3CDCA55F0221}.Release|Any CPU.Build.0 = Release|Any CPU
		{9D407A0C-0D3A-47FB-A71A-76265A547706}.Debug|Any CPU.ActiveCfg = Debug|Any CPU
		{9D407A0C-0D3A-47FB-A71A-76265A547706}.Debug|Any CPU.Build.0 = Debug|Any CPU
		{9D407A0C-0D3A-47FB-A71A-76265A547706}.Release|Any CPU.ActiveCfg = Release|Any CPU
		{9D407A0C-0D3A-47FB-A71A-76265A547706}.Release|Any CPU.Build.0 = Release|Any CPU
		{361B74F7-CED1-4DA6-8E65-21D2C33A7D78}.Debug|Any CPU.ActiveCfg = Debug|Any CPU
		{361B74F7-CED1-4DA6-8E65-21D2C33A7D78}.Debug|Any CPU.Build.0 = Debug|Any CPU
		{361B74F7-CED1-4DA6-8E65-21D2C33A7D78}.Release|Any CPU.ActiveCfg = Release|Any CPU
		{361B74F7-CED1-4DA6-8E65-21D2C33A7D78}.Release|Any CPU.Build.0 = Release|Any CPU
		{B34BAE69-25FD-465F-8F8F-93EBD0041C88}.Debug|Any CPU.ActiveCfg = Debug|Any CPU
		{B34BAE69-25FD-465F-8F8F-93EBD0041C88}.Debug|Any CPU.Build.0 = Debug|Any CPU
		{B34BAE69-25FD-465F-8F8F-93EBD0041C88}.Release|Any CPU.ActiveCfg = Release|Any CPU
		{B34BAE69-25FD-465F-8F8F-93EBD0041C88}.Release|Any CPU.Build.0 = Release|Any CPU
		{798198C9-DB4F-4CDC-9044-FE1F6C6C947A}.Debug|Any CPU.ActiveCfg = Debug|Any CPU
		{798198C9-DB4F-4CDC-9044-FE1F6C6C947A}.Debug|Any CPU.Build.0 = Debug|Any CPU
		{798198C9-DB4F-4CDC-9044-FE1F6C6C947A}.Release|Any CPU.ActiveCfg = Release|Any CPU
		{798198C9-DB4F-4CDC-9044-FE1F6C6C947A}.Release|Any CPU.Build.0 = Release|Any CPU
		{A723F9DB-5A1F-41DD-A8AE-6E348D6CDDBF}.Debug|Any CPU.ActiveCfg = Debug|Any CPU
		{A723F9DB-5A1F-41DD-A8AE-6E348D6CDDBF}.Debug|Any CPU.Build.0 = Debug|Any CPU
		{A723F9DB-5A1F-41DD-A8AE-6E348D6CDDBF}.Release|Any CPU.ActiveCfg = Release|Any CPU
		{A723F9DB-5A1F-41DD-A8AE-6E348D6CDDBF}.Release|Any CPU.Build.0 = Release|Any CPU
		{A172674F-A5C9-4628-B5DF-5B82BD35A78A}.Debug|Any CPU.ActiveCfg = Debug|Any CPU
		{A172674F-A5C9-4628-B5DF-5B82BD35A78A}.Debug|Any CPU.Build.0 = Debug|Any CPU
		{A172674F-A5C9-4628-B5DF-5B82BD35A78A}.Release|Any CPU.ActiveCfg = Release|Any CPU
		{A172674F-A5C9-4628-B5DF-5B82BD35A78A}.Release|Any CPU.Build.0 = Release|Any CPU
		{BF7047CD-361B-4148-9A69-A41A8288083A}.Debug|Any CPU.ActiveCfg = Debug|Any CPU
		{BF7047CD-361B-4148-9A69-A41A8288083A}.Debug|Any CPU.Build.0 = Debug|Any CPU
		{BF7047CD-361B-4148-9A69-A41A8288083A}.Release|Any CPU.ActiveCfg = Release|Any CPU
		{BF7047CD-361B-4148-9A69-A41A8288083A}.Release|Any CPU.Build.0 = Release|Any CPU
		{3E5C0A5B-AFBC-4F1D-9FE1-31BA308B7358}.Debug|Any CPU.ActiveCfg = Debug|Any CPU
		{3E5C0A5B-AFBC-4F1D-9FE1-31BA308B7358}.Debug|Any CPU.Build.0 = Debug|Any CPU
		{3E5C0A5B-AFBC-4F1D-9FE1-31BA308B7358}.Release|Any CPU.ActiveCfg = Release|Any CPU
		{3E5C0A5B-AFBC-4F1D-9FE1-31BA308B7358}.Release|Any CPU.Build.0 = Release|Any CPU
		{49E93B51-D8B4-430B-AB89-320068D9489D}.Debug|Any CPU.ActiveCfg = Debug|Any CPU
		{49E93B51-D8B4-430B-AB89-320068D9489D}.Debug|Any CPU.Build.0 = Debug|Any CPU
		{49E93B51-D8B4-430B-AB89-320068D9489D}.Release|Any CPU.ActiveCfg = Release|Any CPU
		{49E93B51-D8B4-430B-AB89-320068D9489D}.Release|Any CPU.Build.0 = Release|Any CPU
		{360608F2-08BE-48EB-8DD6-5B052702F1A0}.Debug|Any CPU.ActiveCfg = Debug|Any CPU
		{360608F2-08BE-48EB-8DD6-5B052702F1A0}.Debug|Any CPU.Build.0 = Debug|Any CPU
		{360608F2-08BE-48EB-8DD6-5B052702F1A0}.Release|Any CPU.ActiveCfg = Release|Any CPU
		{360608F2-08BE-48EB-8DD6-5B052702F1A0}.Release|Any CPU.Build.0 = Release|Any CPU
	EndGlobalSection
	GlobalSection(SolutionProperties) = preSolution
		HideSolutionNode = FALSE
	EndGlobalSection
	GlobalSection(ExtensibilityGlobals) = postSolution
		SolutionGuid = {8C4CBCD3-4BC3-4DA3-AEC4-391E8E7DBB4F}
	EndGlobalSection
EndGlobal
